
Microsoft Visual Studio Solution File, Format Version 12.00
# Visual Studio Version 17
VisualStudioVersion = 17.11.35327.3
MinimumVisualStudioVersion = 10.0.40219.1
Project("{8BC9CEB8-8B4A-11D0-8D11-00A0C91BC942}") = "RadixSort(CountSort)", "RadixSort(CountSort)\RadixSort(CountSort).vcxproj", "{62DDA981-230D-41D1-8F39-659D98D12A53}"
EndProject
Global
	GlobalSection(SolutionConfigurationPlatforms) = preSolution
		Debug|x64 = Debug|x64
		Debug|x86 = Debug|x86
		Release|x64 = Release|x64
		Release|x86 = Release|x86
	EndGlobalSection
	GlobalSection(ProjectConfigurationPlatforms) = postSolution
		{62DDA981-230D-41D1-8F39-659D98D12A53}.Debug|x64.ActiveCfg = Debug|x64
		{62DDA981-230D-41D1-8F39-659D98D12A53}.Debug|x64.Build.0 = Debug|x64
		{62DDA981-230D-41D1-8F39-659D98D12A53}.Debug|x86.ActiveCfg = Debug|Win32
		{62DDA981-230D-41D1-8F39-659D98D12A53}.Debug|x86.Build.0 = Debug|Win32
		{62DDA981-230D-41D1-8F39-659D98D12A53}.Release|x64.ActiveCfg = Release|x64
		{62DDA981-230D-41D1-8F39-659D98D12A53}.Release|x64.Build.0 = Release|x64
		{62DDA981-230D-41D1-8F39-659D98D12A53}.Release|x86.ActiveCfg = Release|Win32
		{62DDA981-230D-41D1-8F39-659D98D12A53}.Release|x86.Build.0 = Release|Win32
	EndGlobalSection
	GlobalSection(SolutionProperties) = preSolution
		HideSolutionNode = FALSE
	EndGlobalSection
	GlobalSection(ExtensibilityGlobals) = postSolution
		SolutionGuid = {4E12E61C-66D9-479E-B557-A38E19BF7FC7}
	EndGlobalSection
EndGlobal
